// !$*UTF8*$!
{
	archiveVersion = 1;
	classes = {
	};
	objectVersion = 56;
	objects = {

/* Begin PBXBuildFile section */
		99468F752CDF7A9C00F36C0B /* Graph_PlotterApp.swift in Sources */ = {isa = PBXBuildFile; fileRef = 99468F742CDF7A9C00F36C0B /* Graph_PlotterApp.swift */; };
		99468F772CDF7A9C00F36C0B /* ContentView.swift in Sources */ = {isa = PBXBuildFile; fileRef = 99468F762CDF7A9C00F36C0B /* ContentView.swift */; };
		99468F792CDF7A9D00F36C0B /* Assets.xcassets in Resources */ = {isa = PBXBuildFile; fileRef = 99468F782CDF7A9D00F36C0B /* Assets.xcassets */; };
		99468F7C2CDF7A9D00F36C0B /* Preview Assets.xcassets in Resources */ = {isa = PBXBuildFile; fileRef = 99468F7B2CDF7A9D00F36C0B /* Preview Assets.xcassets */; };
		99468F862CDF7A9D00F36C0B /* Graph_PlotterTests.swift in Sources */ = {isa = PBXBuildFile; fileRef = 99468F852CDF7A9D00F36C0B /* Graph_PlotterTests.swift */; };
		99468F902CDF7A9D00F36C0B /* Graph_PlotterUITests.swift in Sources */ = {isa = PBXBuildFile; fileRef = 99468F8F2CDF7A9D00F36C0B /* Graph_PlotterUITests.swift */; };
		99468F922CDF7A9D00F36C0B /* Graph_PlotterUITestsLaunchTests.swift in Sources */ = {isa = PBXBuildFile; fileRef = 99468F912CDF7A9D00F36C0B /* Graph_PlotterUITestsLaunchTests.swift */; };
		99F13F542CE09D2300BAFCA0 /* CalculatorView.swift in Sources */ = {isa = PBXBuildFile; fileRef = 99F13F532CE09D2300BAFCA0 /* CalculatorView.swift */; };
		99F13F572CE0EA6400BAFCA0 /* GraphPlotterView.swift in Sources */ = {isa = PBXBuildFile; fileRef = 99F13F562CE0EA6400BAFCA0 /* GraphPlotterView.swift */; };
		99F13F592CE0EA7900BAFCA0 /* EquationSolverView.swift in Sources */ = {isa = PBXBuildFile; fileRef = 99F13F582CE0EA7900BAFCA0 /* EquationSolverView.swift */; };
		99F13F5D2CE10D0A00BAFCA0 /* MatrixView.swift in Sources */ = {isa = PBXBuildFile; fileRef = 99F13F5C2CE10D0A00BAFCA0 /* MatrixView.swift */; };
/* End PBXBuildFile section */

/* Begin PBXContainerItemProxy section */
		99468F822CDF7A9D00F36C0B /* PBXContainerItemProxy */ = {
			isa = PBXContainerItemProxy;
			containerPortal = 99468F692CDF7A9C00F36C0B /* Project object */;
			proxyType = 1;
			remoteGlobalIDString = 99468F702CDF7A9C00F36C0B;
			remoteInfo = "Graph Plotter";
		};
		99468F8C2CDF7A9D00F36C0B /* PBXContainerItemProxy */ = {
			isa = PBXContainerItemProxy;
			containerPortal = 99468F692CDF7A9C00F36C0B /* Project object */;
			proxyType = 1;
			remoteGlobalIDString = 99468F702CDF7A9C00F36C0B;
			remoteInfo = "Graph Plotter";
		};
/* End PBXContainerItemProxy section */

/* Begin PBXFileReference section */
		99468F712CDF7A9C00F36C0B /* Graph Plotter.app */ = {isa = PBXFileReference; explicitFileType = wrapper.application; includeInIndex = 0; path = "Graph Plotter.app"; sourceTree = BUILT_PRODUCTS_DIR; };
		99468F742CDF7A9C00F36C0B /* Graph_PlotterApp.swift */ = {isa = PBXFileReference; lastKnownFileType = sourcecode.swift; path = Graph_PlotterApp.swift; sourceTree = "<group>"; };
		99468F762CDF7A9C00F36C0B /* ContentView.swift */ = {isa = PBXFileReference; lastKnownFileType = sourcecode.swift; path = ContentView.swift; sourceTree = "<group>"; };
		99468F782CDF7A9D00F36C0B /* Assets.xcassets */ = {isa = PBXFileReference; lastKnownFileType = folder.assetcatalog; path = Assets.xcassets; sourceTree = "<group>"; };
		99468F7B2CDF7A9D00F36C0B /* Preview Assets.xcassets */ = {isa = PBXFileReference; lastKnownFileType = folder.assetcatalog; path = "Preview Assets.xcassets"; sourceTree = "<group>"; };
		99468F812CDF7A9D00F36C0B /* Graph PlotterTests.xctest */ = {isa = PBXFileReference; explicitFileType = wrapper.cfbundle; includeInIndex = 0; path = "Graph PlotterTests.xctest"; sourceTree = BUILT_PRODUCTS_DIR; };
		99468F852CDF7A9D00F36C0B /* Graph_PlotterTests.swift */ = {isa = PBXFileReference; lastKnownFileType = sourcecode.swift; path = Graph_PlotterTests.swift; sourceTree = "<group>"; };
		99468F8B2CDF7A9D00F36C0B /* Graph PlotterUITests.xctest */ = {isa = PBXFileReference; explicitFileType = wrapper.cfbundle; includeInIndex = 0; path = "Graph PlotterUITests.xctest"; sourceTree = BUILT_PRODUCTS_DIR; };
		99468F8F2CDF7A9D00F36C0B /* Graph_PlotterUITests.swift */ = {isa = PBXFileReference; lastKnownFileType = sourcecode.swift; path = Graph_PlotterUITests.swift; sourceTree = "<group>"; };
		99468F912CDF7A9D00F36C0B /* Graph_PlotterUITestsLaunchTests.swift */ = {isa = PBXFileReference; lastKnownFileType = sourcecode.swift; path = Graph_PlotterUITestsLaunchTests.swift; sourceTree = "<group>"; };
		99F13F532CE09D2300BAFCA0 /* CalculatorView.swift */ = {isa = PBXFileReference; lastKnownFileType = sourcecode.swift; path = CalculatorView.swift; sourceTree = "<group>"; };
		99F13F562CE0EA6400BAFCA0 /* GraphPlotterView.swift */ = {isa = PBXFileReference; lastKnownFileType = sourcecode.swift; path = GraphPlotterView.swift; sourceTree = "<group>"; };
		99F13F582CE0EA7900BAFCA0 /* EquationSolverView.swift */ = {isa = PBXFileReference; lastKnownFileType = sourcecode.swift; path = EquationSolverView.swift; sourceTree = "<group>"; };
		99F13F5C2CE10D0A00BAFCA0 /* MatrixView.swift */ = {isa = PBXFileReference; lastKnownFileType = sourcecode.swift; path = MatrixView.swift; sourceTree = "<group>"; };
/* End PBXFileReference section */

/* Begin PBXFrameworksBuildPhase section */
		99468F6E2CDF7A9C00F36C0B /* Frameworks */ = {
			isa = PBXFrameworksBuildPhase;
			buildActionMask = 2147483647;
			files = (
			);
			runOnlyForDeploymentPostprocessing = 0;
		};
		99468F7E2CDF7A9D00F36C0B /* Frameworks */ = {
			isa = PBXFrameworksBuildPhase;
			buildActionMask = 2147483647;
			files = (
			);
			runOnlyForDeploymentPostprocessing = 0;
		};
		99468F882CDF7A9D00F36C0B /* Frameworks */ = {
			isa = PBXFrameworksBuildPhase;
			buildActionMask = 2147483647;
			files = (
			);
			runOnlyForDeploymentPostprocessing = 0;
		};
/* End PBXFrameworksBuildPhase section */

/* Begin PBXGroup section */
		99468F682CDF7A9C00F36C0B = {
			isa = PBXGroup;
			children = (
				99468F732CDF7A9C00F36C0B /* Graph Plotter */,
				99468F842CDF7A9D00F36C0B /* Graph PlotterTests */,
				99468F8E2CDF7A9D00F36C0B /* Graph PlotterUITests */,
				99468F722CDF7A9C00F36C0B /* Products */,
			);
			sourceTree = "<group>";
		};
		99468F722CDF7A9C00F36C0B /* Products */ = {
			isa = PBXGroup;
			children = (
				99468F712CDF7A9C00F36C0B /* Graph Plotter.app */,
				99468F812CDF7A9D00F36C0B /* Graph PlotterTests.xctest */,
				99468F8B2CDF7A9D00F36C0B /* Graph PlotterUITests.xctest */,
			);
			name = Products;
			sourceTree = "<group>";
		};
		99468F732CDF7A9C00F36C0B /* Graph Plotter */ = {
			isa = PBXGroup;
			children = (
				99468F742CDF7A9C00F36C0B /* Graph_PlotterApp.swift */,
				99468F762CDF7A9C00F36C0B /* ContentView.swift */,
				99468F782CDF7A9D00F36C0B /* Assets.xcassets */,
				99468F7A2CDF7A9D00F36C0B /* Preview Content */,
				99F13F532CE09D2300BAFCA0 /* CalculatorView.swift */,
				99F13F562CE0EA6400BAFCA0 /* GraphPlotterView.swift */,
				99F13F582CE0EA7900BAFCA0 /* EquationSolverView.swift */,
				99F13F5C2CE10D0A00BAFCA0 /* MatrixView.swift */,
			);
			path = "Graph Plotter";
			sourceTree = "<group>";
		};
		99468F7A2CDF7A9D00F36C0B /* Preview Content */ = {
			isa = PBXGroup;
			children = (
				99468F7B2CDF7A9D00F36C0B /* Preview Assets.xcassets */,
			);
			path = "Preview Content";
			sourceTree = "<group>";
		};
		99468F842CDF7A9D00F36C0B /* Graph PlotterTests */ = {
			isa = PBXGroup;
			children = (
				99468F852CDF7A9D00F36C0B /* Graph_PlotterTests.swift */,
			);
			path = "Graph PlotterTests";
			sourceTree = "<group>";
		};
		99468F8E2CDF7A9D00F36C0B /* Graph PlotterUITests */ = {
			isa = PBXGroup;
			children = (
				99468F8F2CDF7A9D00F36C0B /* Graph_PlotterUITests.swift */,
				99468F912CDF7A9D00F36C0B /* Graph_PlotterUITestsLaunchTests.swift */,
			);
			path = "Graph PlotterUITests";
			sourceTree = "<group>";
		};
/* End PBXGroup section */

/* Begin PBXNativeTarget section */
		99468F702CDF7A9C00F36C0B /* Graph Plotter */ = {
			isa = PBXNativeTarget;
			buildConfigurationList = 99468F952CDF7A9D00F36C0B /* Build configuration list for PBXNativeTarget "Graph Plotter" */;
			buildPhases = (
				99468F6D2CDF7A9C00F36C0B /* Sources */,
				99468F6E2CDF7A9C00F36C0B /* Frameworks */,
				99468F6F2CDF7A9C00F36C0B /* Resources */,
			);
			buildRules = (
			);
			dependencies = (
			);
			name = "Graph Plotter";
			productName = "Graph Plotter";
			productReference = 99468F712CDF7A9C00F36C0B /* Graph Plotter.app */;
			productType = "com.apple.product-type.application";
		};
		99468F802CDF7A9D00F36C0B /* Graph PlotterTests */ = {
			isa = PBXNativeTarget;
			buildConfigurationList = 99468F982CDF7A9D00F36C0B /* Build configuration list for PBXNativeTarget "Graph PlotterTests" */;
			buildPhases = (
				99468F7D2CDF7A9D00F36C0B /* Sources */,
				99468F7E2CDF7A9D00F36C0B /* Frameworks */,
				99468F7F2CDF7A9D00F36C0B /* Resources */,
			);
			buildRules = (
			);
			dependencies = (
				99468F832CDF7A9D00F36C0B /* PBXTargetDependency */,
			);
			name = "Graph PlotterTests";
			productName = "Graph PlotterTests";
			productReference = 99468F812CDF7A9D00F36C0B /* Graph PlotterTests.xctest */;
			productType = "com.apple.product-type.bundle.unit-test";
		};
		99468F8A2CDF7A9D00F36C0B /* Graph PlotterUITests */ = {
			isa = PBXNativeTarget;
			buildConfigurationList = 99468F9B2CDF7A9D00F36C0B /* Build configuration list for PBXNativeTarget "Graph PlotterUITests" */;
			buildPhases = (
				99468F872CDF7A9D00F36C0B /* Sources */,
				99468F882CDF7A9D00F36C0B /* Frameworks */,
				99468F892CDF7A9D00F36C0B /* Resources */,
			);
			buildRules = (
			);
			dependencies = (
				99468F8D2CDF7A9D00F36C0B /* PBXTargetDependency */,
			);
			name = "Graph PlotterUITests";
			productName = "Graph PlotterUITests";
			productReference = 99468F8B2CDF7A9D00F36C0B /* Graph PlotterUITests.xctest */;
			productType = "com.apple.product-type.bundle.ui-testing";
		};
/* End PBXNativeTarget section */

/* Begin PBXProject section */
		99468F692CDF7A9C00F36C0B /* Project object */ = {
			isa = PBXProject;
			attributes = {
				BuildIndependentTargetsInParallel = 1;
				LastSwiftUpdateCheck = 1500;
				LastUpgradeCheck = 1500;
				TargetAttributes = {
					99468F702CDF7A9C00F36C0B = {
						CreatedOnToolsVersion = 15.0.1;
					};
					99468F802CDF7A9D00F36C0B = {
						CreatedOnToolsVersion = 15.0.1;
						TestTargetID = 99468F702CDF7A9C00F36C0B;
					};
					99468F8A2CDF7A9D00F36C0B = {
						CreatedOnToolsVersion = 15.0.1;
						TestTargetID = 99468F702CDF7A9C00F36C0B;
					};
				};
			};
			buildConfigurationList = 99468F6C2CDF7A9C00F36C0B /* Build configuration list for PBXProject "Graph Plotter" */;
			compatibilityVersion = "Xcode 14.0";
			developmentRegion = en;
			hasScannedForEncodings = 0;
			knownRegions = (
				en,
				Base,
			);
			mainGroup = 99468F682CDF7A9C00F36C0B;
			productRefGroup = 99468F722CDF7A9C00F36C0B /* Products */;
			projectDirPath = "";
			projectRoot = "";
			targets = (
				99468F702CDF7A9C00F36C0B /* Graph Plotter */,
				99468F802CDF7A9D00F36C0B /* Graph PlotterTests */,
				99468F8A2CDF7A9D00F36C0B /* Graph PlotterUITests */,
			);
		};
/* End PBXProject section */

/* Begin PBXResourcesBuildPhase section */
		99468F6F2CDF7A9C00F36C0B /* Resources */ = {
			isa = PBXResourcesBuildPhase;
			buildActionMask = 2147483647;
			files = (
				99468F7C2CDF7A9D00F36C0B /* Preview Assets.xcassets in Resources */,
				99468F792CDF7A9D00F36C0B /* Assets.xcassets in Resources */,
			);
			runOnlyForDeploymentPostprocessing = 0;
		};
		99468F7F2CDF7A9D00F36C0B /* Resources */ = {
			isa = PBXResourcesBuildPhase;
			buildActionMask = 2147483647;
			files = (
			);
			runOnlyForDeploymentPostprocessing = 0;
		};
		99468F892CDF7A9D00F36C0B /* Resources */ = {
			isa = PBXResourcesBuildPhase;
			buildActionMask = 2147483647;
			files = (
			);
			runOnlyForDeploymentPostprocessing = 0;
		};
/* End PBXResourcesBuildPhase section */

/* Begin PBXSourcesBuildPhase section */
		99468F6D2CDF7A9C00F36C0B /* Sources */ = {
			isa = PBXSourcesBuildPhase;
			buildActionMask = 2147483647;
			files = (
				99F13F592CE0EA7900BAFCA0 /* EquationSolverView.swift in Sources */,
				99F13F572CE0EA6400BAFCA0 /* GraphPlotterView.swift in Sources */,
				99468F772CDF7A9C00F36C0B /* ContentView.swift in Sources */,
				99F13F542CE09D2300BAFCA0 /* CalculatorView.swift in Sources */,
				99468F752CDF7A9C00F36C0B /* Graph_PlotterApp.swift in Sources */,
				99F13F5D2CE10D0A00BAFCA0 /* MatrixView.swift in Sources */,
			);
			runOnlyForDeploymentPostprocessing = 0;
		};
		99468F7D2CDF7A9D00F36C0B /* Sources */ = {
			isa = PBXSourcesBuildPhase;
			buildActionMask = 2147483647;
			files = (
				99468F862CDF7A9D00F36C0B /* Graph_PlotterTests.swift in Sources */,
			);
			runOnlyForDeploymentPostprocessing = 0;
		};
		99468F872CDF7A9D00F36C0B /* Sources */ = {
			isa = PBXSourcesBuildPhase;
			buildActionMask = 2147483647;
			files = (
				99468F922CDF7A9D00F36C0B /* Graph_PlotterUITestsLaunchTests.swift in Sources */,
				99468F902CDF7A9D00F36C0B /* Graph_PlotterUITests.swift in Sources */,
			);
			runOnlyForDeploymentPostprocessing = 0;
		};
/* End PBXSourcesBuildPhase section */

/* Begin PBXTargetDependency section */
		99468F832CDF7A9D00F36C0B /* PBXTargetDependency */ = {
			isa = PBXTargetDependency;
			target = 99468F702CDF7A9C00F36C0B /* Graph Plotter */;
			targetProxy = 99468F822CDF7A9D00F36C0B /* PBXContainerItemProxy */;
		};
		99468F8D2CDF7A9D00F36C0B /* PBXTargetDependency */ = {
			isa = PBXTargetDependency;
			target = 99468F702CDF7A9C00F36C0B /* Graph Plotter */;
			targetProxy = 99468F8C2CDF7A9D00F36C0B /* PBXContainerItemProxy */;
		};
/* End PBXTargetDependency section */

/* Begin XCBuildConfiguration section */
		99468F932CDF7A9D00F36C0B /* Debug */ = {
			isa = XCBuildConfiguration;
			buildSettings = {
				ALWAYS_SEARCH_USER_PATHS = NO;
				ASSETCATALOG_COMPILER_GENERATE_SWIFT_ASSET_SYMBOL_EXTENSIONS = YES;
				CLANG_ANALYZER_NONNULL = YES;
				CLANG_ANALYZER_NUMBER_OBJECT_CONVERSION = YES_AGGRESSIVE;
				CLANG_CXX_LANGUAGE_STANDARD = "gnu++20";
				CLANG_ENABLE_MODULES = YES;
				CLANG_ENABLE_OBJC_ARC = YES;
				CLANG_ENABLE_OBJC_WEAK = YES;
				CLANG_WARN_BLOCK_CAPTURE_AUTORELEASING = YES;
				CLANG_WARN_BOOL_CONVERSION = YES;
				CLANG_WARN_COMMA = YES;
				CLANG_WARN_CONSTANT_CONVERSION = YES;
				CLANG_WARN_DEPRECATED_OBJC_IMPLEMENTATIONS = YES;
				CLANG_WARN_DIRECT_OBJC_ISA_USAGE = YES_ERROR;
				CLANG_WARN_DOCUMENTATION_COMMENTS = YES;
				CLANG_WARN_EMPTY_BODY = YES;
				CLANG_WARN_ENUM_CONVERSION = YES;
				CLANG_WARN_INFINITE_RECURSION = YES;
				CLANG_WARN_INT_CONVERSION = YES;
				CLANG_WARN_NON_LITERAL_NULL_CONVERSION = YES;
				CLANG_WARN_OBJC_IMPLICIT_RETAIN_SELF = YES;
				CLANG_WARN_OBJC_LITERAL_CONVERSION = YES;
				CLANG_WARN_OBJC_ROOT_CLASS = YES_ERROR;
				CLANG_WARN_QUOTED_INCLUDE_IN_FRAMEWORK_HEADER = YES;
				CLANG_WARN_RANGE_LOOP_ANALYSIS = YES;
				CLANG_WARN_STRICT_PROTOTYPES = YES;
				CLANG_WARN_SUSPICIOUS_MOVE = YES;
				CLANG_WARN_UNGUARDED_AVAILABILITY = YES_AGGRESSIVE;
				CLANG_WARN_UNREACHABLE_CODE = YES;
				CLANG_WARN__DUPLICATE_METHOD_MATCH = YES;
				COPY_PHASE_STRIP = NO;
				DEBUG_INFORMATION_FORMAT = dwarf;
				ENABLE_STRICT_OBJC_MSGSEND = YES;
				ENABLE_TESTABILITY = YES;
				ENABLE_USER_SCRIPT_SANDBOXING = YES;
				GCC_C_LANGUAGE_STANDARD = gnu17;
				GCC_DYNAMIC_NO_PIC = NO;
				GCC_NO_COMMON_BLOCKS = YES;
				GCC_OPTIMIZATION_LEVEL = 0;
				GCC_PREPROCESSOR_DEFINITIONS = (
					"DEBUG=1",
					"$(inherited)",
				);
				GCC_WARN_64_TO_32_BIT_CONVERSION = YES;
				GCC_WARN_ABOUT_RETURN_TYPE = YES_ERROR;
				GCC_WARN_UNDECLARED_SELECTOR = YES;
				GCC_WARN_UNINITIALIZED_AUTOS = YES_AGGRESSIVE;
				GCC_WARN_UNUSED_FUNCTION = YES;
				GCC_WARN_UNUSED_VARIABLE = YES;
				IPHONEOS_DEPLOYMENT_TARGET = 17.0;
				LOCALIZATION_PREFERS_STRING_CATALOGS = YES;
				MTL_ENABLE_DEBUG_INFO = INCLUDE_SOURCE;
				MTL_FAST_MATH = YES;
				ONLY_ACTIVE_ARCH = YES;
				SDKROOT = iphoneos;
				SWIFT_ACTIVE_COMPILATION_CONDITIONS = "DEBUG $(inherited)";
				SWIFT_OPTIMIZATION_LEVEL = "-Onone";
			};
			name = Debug;
		};
		99468F942CDF7A9D00F36C0B /* Release */ = {
			isa = XCBuildConfiguration;
			buildSettings = {
				ALWAYS_SEARCH_USER_PATHS = NO;
				ASSETCATALOG_COMPILER_GENERATE_SWIFT_ASSET_SYMBOL_EXTENSIONS = YES;
				CLANG_ANALYZER_NONNULL = YES;
				CLANG_ANALYZER_NUMBER_OBJECT_CONVERSION = YES_AGGRESSIVE;
				CLANG_CXX_LANGUAGE_STANDARD = "gnu++20";
				CLANG_ENABLE_MODULES = YES;
				CLANG_ENABLE_OBJC_ARC = YES;
				CLANG_ENABLE_OBJC_WEAK = YES;
				CLANG_WARN_BLOCK_CAPTURE_AUTORELEASING = YES;
				CLANG_WARN_BOOL_CONVERSION = YES;
				CLANG_WARN_COMMA = YES;
				CLANG_WARN_CONSTANT_CONVERSION = YES;
				CLANG_WARN_DEPRECATED_OBJC_IMPLEMENTATIONS = YES;
				CLANG_WARN_DIRECT_OBJC_ISA_USAGE = YES_ERROR;
				CLANG_WARN_DOCUMENTATION_COMMENTS = YES;
				CLANG_WARN_EMPTY_BODY = YES;
				CLANG_WARN_ENUM_CONVERSION = YES;
				CLANG_WARN_INFINITE_RECURSION = YES;
				CLANG_WARN_INT_CONVERSION = YES;
				CLANG_WARN_NON_LITERAL_NULL_CONVERSION = YES;
				CLANG_WARN_OBJC_IMPLICIT_RETAIN_SELF = YES;
				CLANG_WARN_OBJC_LITERAL_CONVERSION = YES;
				CLANG_WARN_OBJC_ROOT_CLASS = YES_ERROR;
				CLANG_WARN_QUOTED_INCLUDE_IN_FRAMEWORK_HEADER = YES;
				CLANG_WARN_RANGE_LOOP_ANALYSIS = YES;
				CLANG_WARN_STRICT_PROTOTYPES = YES;
				CLANG_WARN_SUSPICIOUS_MOVE = YES;
				CLANG_WARN_UNGUARDED_AVAILABILITY = YES_AGGRESSIVE;
				CLANG_WARN_UNREACHABLE_CODE = YES;
				CLANG_WARN__DUPLICATE_METHOD_MATCH = YES;
				COPY_PHASE_STRIP = NO;
				DEBUG_INFORMATION_FORMAT = "dwarf-with-dsym";
				ENABLE_NS_ASSERTIONS = NO;
				ENABLE_STRICT_OBJC_MSGSEND = YES;
				ENABLE_USER_SCRIPT_SANDBOXING = YES;
				GCC_C_LANGUAGE_STANDARD = gnu17;
				GCC_NO_COMMON_BLOCKS = YES;
				GCC_WARN_64_TO_32_BIT_CONVERSION = YES;
				GCC_WARN_ABOUT_RETURN_TYPE = YES_ERROR;
				GCC_WARN_UNDECLARED_SELECTOR = YES;
				GCC_WARN_UNINITIALIZED_AUTOS = YES_AGGRESSIVE;
				GCC_WARN_UNUSED_FUNCTION = YES;
				GCC_WARN_UNUSED_VARIABLE = YES;
				IPHONEOS_DEPLOYMENT_TARGET = 17.0;
				LOCALIZATION_PREFERS_STRING_CATALOGS = YES;
				MTL_ENABLE_DEBUG_INFO = NO;
				MTL_FAST_MATH = YES;
				SDKROOT = iphoneos;
				SWIFT_COMPILATION_MODE = wholemodule;
				VALIDATE_PRODUCT = YES;
			};
			name = Release;
		};
		99468F962CDF7A9D00F36C0B /* Debug */ = {
			isa = XCBuildConfiguration;
			buildSettings = {
				ASSETCATALOG_COMPILER_APPICON_NAME = AppIcon;
				ASSETCATALOG_COMPILER_GLOBAL_ACCENT_COLOR_NAME = AccentColor;
				CODE_SIGN_STYLE = Automatic;
				CURRENT_PROJECT_VERSION = 1;
				DEVELOPMENT_ASSET_PATHS = "\"Graph Plotter/Preview Content\"";
				ENABLE_PREVIEWS = YES;
				GENERATE_INFOPLIST_FILE = YES;
				INFOPLIST_KEY_UIApplicationSceneManifest_Generation = YES;
				INFOPLIST_KEY_UIApplicationSupportsIndirectInputEvents = YES;
				INFOPLIST_KEY_UILaunchScreen_Generation = YES;
				INFOPLIST_KEY_UISupportedInterfaceOrientations_iPad = "UIInterfaceOrientationPortrait UIInterfaceOrientationPortraitUpsideDown UIInterfaceOrientationLandscapeLeft UIInterfaceOrientationLandscapeRight";
				INFOPLIST_KEY_UISupportedInterfaceOrientations_iPhone = "UIInterfaceOrientationPortrait UIInterfaceOrientationLandscapeLeft UIInterfaceOrientationLandscapeRight";
				LD_RUNPATH_SEARCH_PATHS = (
					"$(inherited)",
					"@executable_path/Frameworks",
				);
				MARKETING_VERSION = 1.0;
				PRODUCT_BUNDLE_IDENTIFIER = "com.abirzishan.Graph-Plotter";
				PRODUCT_NAME = "$(TARGET_NAME)";
				SWIFT_EMIT_LOC_STRINGS = YES;
				SWIFT_VERSION = 5.0;
				TARGETED_DEVICE_FAMILY = "1,2";
			};
			name = Debug;
		};
		99468F972CDF7A9D00F36C0B /* Release */ = {
			isa = XCBuildConfiguration;
			buildSettings = {
				ASSETCATALOG_COMPILER_APPICON_NAME = AppIcon;
				ASSETCATALOG_COMPILER_GLOBAL_ACCENT_COLOR_NAME = AccentColor;
				CODE_SIGN_STYLE = Automatic;
				CURRENT_PROJECT_VERSION = 1;
				DEVELOPMENT_ASSET_PATHS = "\"Graph Plotter/Preview Content\"";
				ENABLE_PREVIEWS = YES;
				GENERATE_INFOPLIST_FILE = YES;
				INFOPLIST_KEY_UIApplicationSceneManifest_Generation = YES;
				INFOPLIST_KEY_UIApplicationSupportsIndirectInputEvents = YES;
				INFOPLIST_KEY_UILaunchScreen_Generation = YES;
				INFOPLIST_KEY_UISupportedInterfaceOrientations_iPad = "UIInterfaceOrientationPortrait UIInterfaceOrientationPortraitUpsideDown UIInterfaceOrientationLandscapeLeft UIInterfaceOrientationLandscapeRight";
				INFOPLIST_KEY_UISupportedInterfaceOrientations_iPhone = "UIInterfaceOrientationPortrait UIInterfaceOrientationLandscapeLeft UIInterfaceOrientationLandscapeRight";
				LD_RUNPATH_SEARCH_PATHS = (
					"$(inherited)",
					"@executable_path/Frameworks",
				);
				MARKETING_VERSION = 1.0;
				PRODUCT_BUNDLE_IDENTIFIER = "com.abirzishan.Graph-Plotter";
				PRODUCT_NAME = "$(TARGET_NAME)";
				SWIFT_EMIT_LOC_STRINGS = YES;
				SWIFT_VERSION = 5.0;
				TARGETED_DEVICE_FAMILY = "1,2";
			};
			name = Release;
		};
		99468F992CDF7A9D00F36C0B /* Debug */ = {
			isa = XCBuildConfiguration;
			buildSettings = {
				ALWAYS_EMBED_SWIFT_STANDARD_LIBRARIES = YES;
				BUNDLE_LOADER = "$(TEST_HOST)";
				CODE_SIGN_STYLE = Automatic;
				CURRENT_PROJECT_VERSION = 1;
				GENERATE_INFOPLIST_FILE = YES;
				IPHONEOS_DEPLOYMENT_TARGET = 17.0;
				MARKETING_VERSION = 1.0;
				PRODUCT_BUNDLE_IDENTIFIER = "com.abirzishan.Graph-PlotterTests";
				PRODUCT_NAME = "$(TARGET_NAME)";
				SWIFT_EMIT_LOC_STRINGS = NO;
				SWIFT_VERSION = 5.0;
				TARGETED_DEVICE_FAMILY = "1,2";
				TEST_HOST = "$(BUILT_PRODUCTS_DIR)/Graph Plotter.app/$(BUNDLE_EXECUTABLE_FOLDER_PATH)/Graph Plotter";
			};
			name = Debug;
		};
		99468F9A2CDF7A9D00F36C0B /* Release */ = {
			isa = XCBuildConfiguration;
			buildSettings = {
				ALWAYS_EMBED_SWIFT_STANDARD_LIBRARIES = YES;
				BUNDLE_LOADER = "$(TEST_HOST)";
				CODE_SIGN_STYLE = Automatic;
				CURRENT_PROJECT_VERSION = 1;
				GENERATE_INFOPLIST_FILE = YES;
				IPHONEOS_DEPLOYMENT_TARGET = 17.0;
				MARKETING_VERSION = 1.0;
				PRODUCT_BUNDLE_IDENTIFIER = "com.abirzishan.Graph-PlotterTests";
				PRODUCT_NAME = "$(TARGET_NAME)";
				SWIFT_EMIT_LOC_STRINGS = NO;
				SWIFT_VERSION = 5.0;
				TARGETED_DEVICE_FAMILY = "1,2";
				TEST_HOST = "$(BUILT_PRODUCTS_DIR)/Graph Plotter.app/$(BUNDLE_EXECUTABLE_FOLDER_PATH)/Graph Plotter";
			};
			name = Release;
		};
		99468F9C2CDF7A9D00F36C0B /* Debug */ = {
			isa = XCBuildConfiguration;
			buildSettings = {
				ALWAYS_EMBED_SWIFT_STANDARD_LIBRARIES = YES;
				CODE_SIGN_STYLE = Automatic;
				CURRENT_PROJECT_VERSION = 1;
				GENERATE_INFOPLIST_FILE = YES;
				MARKETING_VERSION = 1.0;
				PRODUCT_BUNDLE_IDENTIFIER = "com.abirzishan.Graph-PlotterUITests";
				PRODUCT_NAME = "$(TARGET_NAME)";
				SWIFT_EMIT_LOC_STRINGS = NO;
				SWIFT_VERSION = 5.0;
				TARGETED_DEVICE_FAMILY = "1,2";
				TEST_TARGET_NAME = "Graph Plotter";
			};
			name = Debug;
		};
		99468F9D2CDF7A9D00F36C0B /* Release */ = {
			isa = XCBuildConfiguration;
			buildSettings = {
				ALWAYS_EMBED_SWIFT_STANDARD_LIBRARIES = YES;
				CODE_SIGN_STYLE = Automatic;
				CURRENT_PROJECT_VERSION = 1;
				GENERATE_INFOPLIST_FILE = YES;
				MARKETING_VERSION = 1.0;
				PRODUCT_BUNDLE_IDENTIFIER = "com.abirzishan.Graph-PlotterUITests";
				PRODUCT_NAME = "$(TARGET_NAME)";
				SWIFT_EMIT_LOC_STRINGS = NO;
				SWIFT_VERSION = 5.0;
				TARGETED_DEVICE_FAMILY = "1,2";
				TEST_TARGET_NAME = "Graph Plotter";
			};
			name = Release;
		};
/* End XCBuildConfiguration section */

/* Begin XCConfigurationList section */
		99468F6C2CDF7A9C00F36C0B /* Build configuration list for PBXProject "Graph Plotter" */ = {
			isa = XCConfigurationList;
			buildConfigurations = (
				99468F932CDF7A9D00F36C0B /* Debug */,
				99468F942CDF7A9D00F36C0B /* Release */,
			);
			defaultConfigurationIsVisible = 0;
			defaultConfigurationName = Release;
		};
		99468F952CDF7A9D00F36C0B /* Build configuration list for PBXNativeTarget "Graph Plotter" */ = {
			isa = XCConfigurationList;
			buildConfigurations = (
				99468F962CDF7A9D00F36C0B /* Debug */,
				99468F972CDF7A9D00F36C0B /* Release */,
			);
			defaultConfigurationIsVisible = 0;
			defaultConfigurationName = Release;
		};
		99468F982CDF7A9D00F36C0B /* Build configuration list for PBXNativeTarget "Graph PlotterTests" */ = {
			isa = XCConfigurationList;
			buildConfigurations = (
				99468F992CDF7A9D00F36C0B /* Debug */,
				99468F9A2CDF7A9D00F36C0B /* Release */,
			);
			defaultConfigurationIsVisible = 0;
			defaultConfigurationName = Release;
		};
		99468F9B2CDF7A9D00F36C0B /* Build configuration list for PBXNativeTarget "Graph PlotterUITests" */ = {
			isa = XCConfigurationList;
			buildConfigurations = (
				99468F9C2CDF7A9D00F36C0B /* Debug */,
				99468F9D2CDF7A9D00F36C0B /* Release */,
			);
			defaultConfigurationIsVisible = 0;
			defaultConfigurationName = Release;
		};
/* End XCConfigurationList section */
	};
	rootObject = 99468F692CDF7A9C00F36C0B /* Project object */;
}
